{
  "version": 4,
  "terraform_version": "1.2.5",
  "serial": 10,
  "lineage": "729895ea-2c0a-731f-fdf3-8ae29c504c1e",
  "outputs": {},
  "resources": [
    {
      "mode": "managed",
      "type": "aws_s3_bucket",
      "name": "test-s3-tf-state",
      "provider": "provider[\"registry.terraform.io/hashicorp/aws\"]",
      "instances": [
        {
          "schema_version": 0,
          "attributes": {
            "acceleration_status": "",
            "acl": null,
            "arn": "arn:aws:s3:::seank-s3-test-tf",
            "bucket": "seank-s3-test-tf",
            "bucket_domain_name": "seank-s3-test-tf.s3.amazonaws.com",
            "bucket_prefix": null,
            "bucket_regional_domain_name": "seank-s3-test-tf.s3.ap-northeast-2.amazonaws.com",
            "cors_rule": [],
            "force_destroy": false,
            "grant": [
              {
                "id": "15d56d81ef95a30b2be5a1fdccb665fbeee95df0afe1e69a36e89639e7e3ff9c",
                "permissions": [
                  "FULL_CONTROL"
                ],
                "type": "CanonicalUser",
                "uri": ""
              }
            ],
            "hosted_zone_id": "Z3W03O7B5YMIYP",
            "id": "seank-s3-test-tf",
            "lifecycle_rule": [],
            "logging": [],
            "object_lock_configuration": [],
            "object_lock_enabled": false,
            "policy": "",
            "region": "ap-northeast-2",
            "replication_configuration": [],
            "request_payer": "BucketOwner",
            "server_side_encryption_configuration": [],
            "tags": {
              "Name": "seank-s3-test-tf"
            },
            "tags_all": {
              "Name": "seank-s3-test-tf"
            },
            "versioning": [
              {
                "enabled": false,
                "mfa_delete": false
              }
            ],
            "website": [],
            "website_domain": null,
            "website_endpoint": null
          },
          "sensitive_attributes": [],
          "private": "bnVsbA=="
        }
      ]
    }
  ]
}
